// !$*UTF8*$!
{
	archiveVersion = 1;
	classes = {
	};
	objectVersion = 56;
	objects = {

/* Begin PBXBuildFile section */
		8A8835CE2C22C59900E55F6A /* StationCell.swift in Sources */ = {isa = PBXBuildFile; fileRef = 8A8835CD2C22C59900E55F6A /* StationCell.swift */; };
		8A8835D02C22D05200E55F6A /* StationList.swift in Sources */ = {isa = PBXBuildFile; fileRef = 8A8835CF2C22D05200E55F6A /* StationList.swift */; };
		8A9FC5F32C214E8500BDB452 /* CloneAppleMusicApp.swift in Sources */ = {isa = PBXBuildFile; fileRef = 8A9FC5F22C214E8500BDB452 /* CloneAppleMusicApp.swift */; };
		8A9FC5F52C214E8500BDB452 /* ContentView.swift in Sources */ = {isa = PBXBuildFile; fileRef = 8A9FC5F42C214E8500BDB452 /* ContentView.swift */; };
		8A9FC5F72C214E8700BDB452 /* Assets.xcassets in Resources */ = {isa = PBXBuildFile; fileRef = 8A9FC5F62C214E8700BDB452 /* Assets.xcassets */; };
		8A9FC5FA2C214E8700BDB452 /* Preview Assets.xcassets in Resources */ = {isa = PBXBuildFile; fileRef = 8A9FC5F92C214E8700BDB452 /* Preview Assets.xcassets */; };
		8A9FC6012C214EA000BDB452 /* LibraryView.swift in Sources */ = {isa = PBXBuildFile; fileRef = 8A9FC6002C214EA000BDB452 /* LibraryView.swift */; };
		8A9FC6032C215D2600BDB452 /* EditView.swift in Sources */ = {isa = PBXBuildFile; fileRef = 8A9FC6022C215D2600BDB452 /* EditView.swift */; };
		8A9FC6052C21612B00BDB452 /* MediaView.swift in Sources */ = {isa = PBXBuildFile; fileRef = 8A9FC6042C21612B00BDB452 /* MediaView.swift */; };
		8A9FC60C2C21772E00BDB452 /* MediaCellView.swift in Sources */ = {isa = PBXBuildFile; fileRef = 8A9FC60B2C21772E00BDB452 /* MediaCellView.swift */; };
		8A9FC60E2C217EE900BDB452 /* MediaList.swift in Sources */ = {isa = PBXBuildFile; fileRef = 8A9FC60D2C217EE900BDB452 /* MediaList.swift */; };
		8A9FC6112C219D8000BDB452 /* RadioView.swift in Sources */ = {isa = PBXBuildFile; fileRef = 8A9FC6102C219D8000BDB452 /* RadioView.swift */; };
		8A9FC6142C21A05500BDB452 /* TopHorizontalView.swift in Sources */ = {isa = PBXBuildFile; fileRef = 8A9FC6132C21A05500BDB452 /* TopHorizontalView.swift */; };
		8A9FC6162C21A09400BDB452 /* BottomVerticalView.swift in Sources */ = {isa = PBXBuildFile; fileRef = 8A9FC6152C21A09400BDB452 /* BottomVerticalView.swift */; };
		8A9FC6192C21A1EC00BDB452 /* HorizontalCell.swift in Sources */ = {isa = PBXBuildFile; fileRef = 8A9FC6182C21A1EC00BDB452 /* HorizontalCell.swift */; };
/* End PBXBuildFile section */

/* Begin PBXFileReference section */
		8A8835CD2C22C59900E55F6A /* StationCell.swift */ = {isa = PBXFileReference; lastKnownFileType = sourcecode.swift; path = StationCell.swift; sourceTree = "<group>"; };
		8A8835CF2C22D05200E55F6A /* StationList.swift */ = {isa = PBXFileReference; lastKnownFileType = sourcecode.swift; path = StationList.swift; sourceTree = "<group>"; };
		8A9FC5EF2C214E8500BDB452 /* CloneAppleMusic.app */ = {isa = PBXFileReference; explicitFileType = wrapper.application; includeInIndex = 0; path = CloneAppleMusic.app; sourceTree = BUILT_PRODUCTS_DIR; };
		8A9FC5F22C214E8500BDB452 /* CloneAppleMusicApp.swift */ = {isa = PBXFileReference; lastKnownFileType = sourcecode.swift; path = CloneAppleMusicApp.swift; sourceTree = "<group>"; };
		8A9FC5F42C214E8500BDB452 /* ContentView.swift */ = {isa = PBXFileReference; lastKnownFileType = sourcecode.swift; path = ContentView.swift; sourceTree = "<group>"; };
		8A9FC5F62C214E8700BDB452 /* Assets.xcassets */ = {isa = PBXFileReference; lastKnownFileType = folder.assetcatalog; path = Assets.xcassets; sourceTree = "<group>"; };
		8A9FC5F92C214E8700BDB452 /* Preview Assets.xcassets */ = {isa = PBXFileReference; lastKnownFileType = folder.assetcatalog; path = "Preview Assets.xcassets"; sourceTree = "<group>"; };
		8A9FC6002C214EA000BDB452 /* LibraryView.swift */ = {isa = PBXFileReference; lastKnownFileType = sourcecode.swift; path = LibraryView.swift; sourceTree = "<group>"; };
		8A9FC6022C215D2600BDB452 /* EditView.swift */ = {isa = PBXFileReference; lastKnownFileType = sourcecode.swift; path = EditView.swift; sourceTree = "<group>"; };
		8A9FC6042C21612B00BDB452 /* MediaView.swift */ = {isa = PBXFileReference; lastKnownFileType = sourcecode.swift; path = MediaView.swift; sourceTree = "<group>"; };
		8A9FC60B2C21772E00BDB452 /* MediaCellView.swift */ = {isa = PBXFileReference; lastKnownFileType = sourcecode.swift; path = MediaCellView.swift; sourceTree = "<group>"; };
		8A9FC60D2C217EE900BDB452 /* MediaList.swift */ = {isa = PBXFileReference; lastKnownFileType = sourcecode.swift; path = MediaList.swift; sourceTree = "<group>"; };
		8A9FC6102C219D8000BDB452 /* RadioView.swift */ = {isa = PBXFileReference; lastKnownFileType = sourcecode.swift; path = RadioView.swift; sourceTree = "<group>"; };
		8A9FC6132C21A05500BDB452 /* TopHorizontalView.swift */ = {isa = PBXFileReference; lastKnownFileType = sourcecode.swift; path = TopHorizontalView.swift; sourceTree = "<group>"; };
		8A9FC6152C21A09400BDB452 /* BottomVerticalView.swift */ = {isa = PBXFileReference; lastKnownFileType = sourcecode.swift; path = BottomVerticalView.swift; sourceTree = "<group>"; };
		8A9FC6182C21A1EC00BDB452 /* HorizontalCell.swift */ = {isa = PBXFileReference; lastKnownFileType = sourcecode.swift; path = HorizontalCell.swift; sourceTree = "<group>"; };
/* End PBXFileReference section */

/* Begin PBXFrameworksBuildPhase section */
		8A9FC5EC2C214E8500BDB452 /* Frameworks */ = {
			isa = PBXFrameworksBuildPhase;
			buildActionMask = 2147483647;
			files = (
			);
			runOnlyForDeploymentPostprocessing = 0;
		};
/* End PBXFrameworksBuildPhase section */

/* Begin PBXGroup section */
		8A9FC5E62C214E8500BDB452 = {
			isa = PBXGroup;
			children = (
				8A9FC5F12C214E8500BDB452 /* CloneAppleMusic */,
				8A9FC5F02C214E8500BDB452 /* Products */,
			);
			sourceTree = "<group>";
		};
		8A9FC5F02C214E8500BDB452 /* Products */ = {
			isa = PBXGroup;
			children = (
				8A9FC5EF2C214E8500BDB452 /* CloneAppleMusic.app */,
			);
			name = Products;
			sourceTree = "<group>";
		};
		8A9FC5F12C214E8500BDB452 /* CloneAppleMusic */ = {
			isa = PBXGroup;
			children = (
				8A9FC6092C2176E100BDB452 /* Model */,
				8A9FC6082C2176D900BDB452 /* Cells */,
				8A9FC60A2C2176EF00BDB452 /* Sources */,
				8A9FC6072C21766E00BDB452 /* Resources */,
				8A9FC5F82C214E8700BDB452 /* Preview Content */,
			);
			path = CloneAppleMusic;
			sourceTree = "<group>";
		};
		8A9FC5F82C214E8700BDB452 /* Preview Content */ = {
			isa = PBXGroup;
			children = (
				8A9FC5F92C214E8700BDB452 /* Preview Assets.xcassets */,
			);
			path = "Preview Content";
			sourceTree = "<group>";
		};
		8A9FC6072C21766E00BDB452 /* Resources */ = {
			isa = PBXGroup;
			children = (
				8A9FC5F62C214E8700BDB452 /* Assets.xcassets */,
			);
			path = Resources;
			sourceTree = "<group>";
		};
		8A9FC6082C2176D900BDB452 /* Cells */ = {
			isa = PBXGroup;
			children = (
				8A9FC60B2C21772E00BDB452 /* MediaCellView.swift */,
			);
			path = Cells;
			sourceTree = "<group>";
		};
		8A9FC6092C2176E100BDB452 /* Model */ = {
			isa = PBXGroup;
			children = (
				8A9FC60D2C217EE900BDB452 /* MediaList.swift */,
				8A8835CF2C22D05200E55F6A /* StationList.swift */,
			);
			path = Model;
			sourceTree = "<group>";
		};
		8A9FC60A2C2176EF00BDB452 /* Sources */ = {
			isa = PBXGroup;
			children = (
				8A9FC60F2C219D4600BDB452 /* Radio */,
				8A9FC5F22C214E8500BDB452 /* CloneAppleMusicApp.swift */,
				8A9FC5F42C214E8500BDB452 /* ContentView.swift */,
				8A9FC6042C21612B00BDB452 /* MediaView.swift */,
				8A9FC6002C214EA000BDB452 /* LibraryView.swift */,
				8A9FC6022C215D2600BDB452 /* EditView.swift */,
			);
			path = Sources;
			sourceTree = "<group>";
		};
		8A9FC60F2C219D4600BDB452 /* Radio */ = {
			isa = PBXGroup;
			children = (
				8A9FC6172C21A1D500BDB452 /* Cells */,
				8A9FC6122C21A04200BDB452 /* Views */,
				8A9FC6102C219D8000BDB452 /* RadioView.swift */,
			);
			path = Radio;
			sourceTree = "<group>";
		};
		8A9FC6122C21A04200BDB452 /* Views */ = {
			isa = PBXGroup;
			children = (
				8A9FC6132C21A05500BDB452 /* TopHorizontalView.swift */,
				8A9FC6152C21A09400BDB452 /* BottomVerticalView.swift */,
			);
			path = Views;
			sourceTree = "<group>";
		};
		8A9FC6172C21A1D500BDB452 /* Cells */ = {
			isa = PBXGroup;
			children = (
				8A9FC6182C21A1EC00BDB452 /* HorizontalCell.swift */,
				8A8835CD2C22C59900E55F6A /* StationCell.swift */,
			);
			path = Cells;
			sourceTree = "<group>";
		};
/* End PBXGroup section */

/* Begin PBXNativeTarget section */
		8A9FC5EE2C214E8500BDB452 /* CloneAppleMusic */ = {
			isa = PBXNativeTarget;
			buildConfigurationList = 8A9FC5FD2C214E8700BDB452 /* Build configuration list for PBXNativeTarget "CloneAppleMusic" */;
			buildPhases = (
				8A9FC5EB2C214E8500BDB452 /* Sources */,
				8A9FC5EC2C214E8500BDB452 /* Frameworks */,
				8A9FC5ED2C214E8500BDB452 /* Resources */,
			);
			buildRules = (
			);
			dependencies = (
			);
			name = CloneAppleMusic;
			productName = CloneAppleMusic;
			productReference = 8A9FC5EF2C214E8500BDB452 /* CloneAppleMusic.app */;
			productType = "com.apple.product-type.application";
		};
/* End PBXNativeTarget section */

/* Begin PBXProject section */
		8A9FC5E72C214E8500BDB452 /* Project object */ = {
			isa = PBXProject;
			attributes = {
				BuildIndependentTargetsInParallel = 1;
				LastSwiftUpdateCheck = 1540;
				LastUpgradeCheck = 1540;
				TargetAttributes = {
					8A9FC5EE2C214E8500BDB452 = {
						CreatedOnToolsVersion = 15.4;
					};
				};
			};
			buildConfigurationList = 8A9FC5EA2C214E8500BDB452 /* Build configuration list for PBXProject "CloneAppleMusic" */;
			compatibilityVersion = "Xcode 14.0";
			developmentRegion = en;
			hasScannedForEncodings = 0;
			knownRegions = (
				en,
				Base,
			);
			mainGroup = 8A9FC5E62C214E8500BDB452;
			productRefGroup = 8A9FC5F02C214E8500BDB452 /* Products */;
			projectDirPath = "";
			projectRoot = "";
			targets = (
				8A9FC5EE2C214E8500BDB452 /* CloneAppleMusic */,
			);
		};
/* End PBXProject section */

/* Begin PBXResourcesBuildPhase section */
		8A9FC5ED2C214E8500BDB452 /* Resources */ = {
			isa = PBXResourcesBuildPhase;
			buildActionMask = 2147483647;
			files = (
				8A9FC5FA2C214E8700BDB452 /* Preview Assets.xcassets in Resources */,
				8A9FC5F72C214E8700BDB452 /* Assets.xcassets in Resources */,
			);
			runOnlyForDeploymentPostprocessing = 0;
		};
/* End PBXResourcesBuildPhase section */

/* Begin PBXSourcesBuildPhase section */
		8A9FC5EB2C214E8500BDB452 /* Sources */ = {
			isa = PBXSourcesBuildPhase;
			buildActionMask = 2147483647;
			files = (
				8A9FC5F52C214E8500BDB452 /* ContentView.swift in Sources */,
				8A9FC6012C214EA000BDB452 /* LibraryView.swift in Sources */,
				8A9FC6032C215D2600BDB452 /* EditView.swift in Sources */,
				8A8835CE2C22C59900E55F6A /* StationCell.swift in Sources */,
				8A9FC6192C21A1EC00BDB452 /* HorizontalCell.swift in Sources */,
				8A9FC6162C21A09400BDB452 /* BottomVerticalView.swift in Sources */,
				8A9FC60C2C21772E00BDB452 /* MediaCellView.swift in Sources */,
				8A9FC6112C219D8000BDB452 /* RadioView.swift in Sources */,
				8A9FC6052C21612B00BDB452 /* MediaView.swift in Sources */,
				8A9FC5F32C214E8500BDB452 /* CloneAppleMusicApp.swift in Sources */,
				8A9FC60E2C217EE900BDB452 /* MediaList.swift in Sources */,
				8A9FC6142C21A05500BDB452 /* TopHorizontalView.swift in Sources */,
				8A8835D02C22D05200E55F6A /* StationList.swift in Sources */,
			);
			runOnlyForDeploymentPostprocessing = 0;
		};
/* End PBXSourcesBuildPhase section */

/* Begin XCBuildConfiguration section */
		8A9FC5FB2C214E8700BDB452 /* Debug */ = {
			isa = XCBuildConfiguration;
			buildSettings = {
				ALWAYS_SEARCH_USER_PATHS = NO;
				ASSETCATALOG_COMPILER_GENERATE_SWIFT_ASSET_SYMBOL_EXTENSIONS = YES;
				CLANG_ANALYZER_NONNULL = YES;
				CLANG_ANALYZER_NUMBER_OBJECT_CONVERSION = YES_AGGRESSIVE;
				CLANG_CXX_LANGUAGE_STANDARD = "gnu++20";
				CLANG_ENABLE_MODULES = YES;
				CLANG_ENABLE_OBJC_ARC = YES;
				CLANG_ENABLE_OBJC_WEAK = YES;
				CLANG_WARN_BLOCK_CAPTURE_AUTORELEASING = YES;
				CLANG_WARN_BOOL_CONVERSION = YES;
				CLANG_WARN_COMMA = YES;
				CLANG_WARN_CONSTANT_CONVERSION = YES;
				CLANG_WARN_DEPRECATED_OBJC_IMPLEMENTATIONS = YES;
				CLANG_WARN_DIRECT_OBJC_ISA_USAGE = YES_ERROR;
				CLANG_WARN_DOCUMENTATION_COMMENTS = YES;
				CLANG_WARN_EMPTY_BODY = YES;
				CLANG_WARN_ENUM_CONVERSION = YES;
				CLANG_WARN_INFINITE_RECURSION = YES;
				CLANG_WARN_INT_CONVERSION = YES;
				CLANG_WARN_NON_LITERAL_NULL_CONVERSION = YES;
				CLANG_WARN_OBJC_IMPLICIT_RETAIN_SELF = YES;
				CLANG_WARN_OBJC_LITERAL_CONVERSION = YES;
				CLANG_WARN_OBJC_ROOT_CLASS = YES_ERROR;
				CLANG_WARN_QUOTED_INCLUDE_IN_FRAMEWORK_HEADER = YES;
				CLANG_WARN_RANGE_LOOP_ANALYSIS = YES;
				CLANG_WARN_STRICT_PROTOTYPES = YES;
				CLANG_WARN_SUSPICIOUS_MOVE = YES;
				CLANG_WARN_UNGUARDED_AVAILABILITY = YES_AGGRESSIVE;
				CLANG_WARN_UNREACHABLE_CODE = YES;
				CLANG_WARN__DUPLICATE_METHOD_MATCH = YES;
				COPY_PHASE_STRIP = NO;
				DEBUG_INFORMATION_FORMAT = dwarf;
				ENABLE_STRICT_OBJC_MSGSEND = YES;
				ENABLE_TESTABILITY = YES;
				ENABLE_USER_SCRIPT_SANDBOXING = YES;
				GCC_C_LANGUAGE_STANDARD = gnu17;
				GCC_DYNAMIC_NO_PIC = NO;
				GCC_NO_COMMON_BLOCKS = YES;
				GCC_OPTIMIZATION_LEVEL = 0;
				GCC_PREPROCESSOR_DEFINITIONS = (
					"DEBUG=1",
					"$(inherited)",
				);
				GCC_WARN_64_TO_32_BIT_CONVERSION = YES;
				GCC_WARN_ABOUT_RETURN_TYPE = YES_ERROR;
				GCC_WARN_UNDECLARED_SELECTOR = YES;
				GCC_WARN_UNINITIALIZED_AUTOS = YES_AGGRESSIVE;
				GCC_WARN_UNUSED_FUNCTION = YES;
				GCC_WARN_UNUSED_VARIABLE = YES;
				IPHONEOS_DEPLOYMENT_TARGET = 17.5;
				LOCALIZATION_PREFERS_STRING_CATALOGS = YES;
				MTL_ENABLE_DEBUG_INFO = INCLUDE_SOURCE;
				MTL_FAST_MATH = YES;
				ONLY_ACTIVE_ARCH = YES;
				SDKROOT = iphoneos;
				SWIFT_ACTIVE_COMPILATION_CONDITIONS = "DEBUG $(inherited)";
				SWIFT_OPTIMIZATION_LEVEL = "-Onone";
			};
			name = Debug;
		};
		8A9FC5FC2C214E8700BDB452 /* Release */ = {
			isa = XCBuildConfiguration;
			buildSettings = {
				ALWAYS_SEARCH_USER_PATHS = NO;
				ASSETCATALOG_COMPILER_GENERATE_SWIFT_ASSET_SYMBOL_EXTENSIONS = YES;
				CLANG_ANALYZER_NONNULL = YES;
				CLANG_ANALYZER_NUMBER_OBJECT_CONVERSION = YES_AGGRESSIVE;
				CLANG_CXX_LANGUAGE_STANDARD = "gnu++20";
				CLANG_ENABLE_MODULES = YES;
				CLANG_ENABLE_OBJC_ARC = YES;
				CLANG_ENABLE_OBJC_WEAK = YES;
				CLANG_WARN_BLOCK_CAPTURE_AUTORELEASING = YES;
				CLANG_WARN_BOOL_CONVERSION = YES;
				CLANG_WARN_COMMA = YES;
				CLANG_WARN_CONSTANT_CONVERSION = YES;
				CLANG_WARN_DEPRECATED_OBJC_IMPLEMENTATIONS = YES;
				CLANG_WARN_DIRECT_OBJC_ISA_USAGE = YES_ERROR;
				CLANG_WARN_DOCUMENTATION_COMMENTS = YES;
				CLANG_WARN_EMPTY_BODY = YES;
				CLANG_WARN_ENUM_CONVERSION = YES;
				CLANG_WARN_INFINITE_RECURSION = YES;
				CLANG_WARN_INT_CONVERSION = YES;
				CLANG_WARN_NON_LITERAL_NULL_CONVERSION = YES;
				CLANG_WARN_OBJC_IMPLICIT_RETAIN_SELF = YES;
				CLANG_WARN_OBJC_LITERAL_CONVERSION = YES;
				CLANG_WARN_OBJC_ROOT_CLASS = YES_ERROR;
				CLANG_WARN_QUOTED_INCLUDE_IN_FRAMEWORK_HEADER = YES;
				CLANG_WARN_RANGE_LOOP_ANALYSIS = YES;
				CLANG_WARN_STRICT_PROTOTYPES = YES;
				CLANG_WARN_SUSPICIOUS_MOVE = YES;
				CLANG_WARN_UNGUARDED_AVAILABILITY = YES_AGGRESSIVE;
				CLANG_WARN_UNREACHABLE_CODE = YES;
				CLANG_WARN__DUPLICATE_METHOD_MATCH = YES;
				COPY_PHASE_STRIP = NO;
				DEBUG_INFORMATION_FORMAT = "dwarf-with-dsym";
				ENABLE_NS_ASSERTIONS = NO;
				ENABLE_STRICT_OBJC_MSGSEND = YES;
				ENABLE_USER_SCRIPT_SANDBOXING = YES;
				GCC_C_LANGUAGE_STANDARD = gnu17;
				GCC_NO_COMMON_BLOCKS = YES;
				GCC_WARN_64_TO_32_BIT_CONVERSION = YES;
				GCC_WARN_ABOUT_RETURN_TYPE = YES_ERROR;
				GCC_WARN_UNDECLARED_SELECTOR = YES;
				GCC_WARN_UNINITIALIZED_AUTOS = YES_AGGRESSIVE;
				GCC_WARN_UNUSED_FUNCTION = YES;
				GCC_WARN_UNUSED_VARIABLE = YES;
				IPHONEOS_DEPLOYMENT_TARGET = 17.5;
				LOCALIZATION_PREFERS_STRING_CATALOGS = YES;
				MTL_ENABLE_DEBUG_INFO = NO;
				MTL_FAST_MATH = YES;
				SDKROOT = iphoneos;
				SWIFT_COMPILATION_MODE = wholemodule;
				VALIDATE_PRODUCT = YES;
			};
			name = Release;
		};
		8A9FC5FE2C214E8700BDB452 /* Debug */ = {
			isa = XCBuildConfiguration;
			buildSettings = {
				ASSETCATALOG_COMPILER_APPICON_NAME = AppIcon;
				ASSETCATALOG_COMPILER_GLOBAL_ACCENT_COLOR_NAME = AccentColor;
				CODE_SIGN_STYLE = Automatic;
				CURRENT_PROJECT_VERSION = 1;
				DEVELOPMENT_ASSET_PATHS = "\"CloneAppleMusic/Preview Content\"";
				ENABLE_PREVIEWS = YES;
				GENERATE_INFOPLIST_FILE = YES;
				INFOPLIST_KEY_UIApplicationSceneManifest_Generation = YES;
				INFOPLIST_KEY_UIApplicationSupportsIndirectInputEvents = YES;
				INFOPLIST_KEY_UILaunchScreen_Generation = YES;
				INFOPLIST_KEY_UISupportedInterfaceOrientations = UIInterfaceOrientationPortrait;
				INFOPLIST_KEY_UISupportedInterfaceOrientations_iPad = "UIInterfaceOrientationLandscapeLeft UIInterfaceOrientationLandscapeRight UIInterfaceOrientationPortrait UIInterfaceOrientationPortraitUpsideDown";
				LD_RUNPATH_SEARCH_PATHS = (
					"$(inherited)",
					"@executable_path/Frameworks",
				);
				MARKETING_VERSION = 1.0;
				PRODUCT_BUNDLE_IDENTIFIER = com.home.CloneAppleMusic;
				PRODUCT_NAME = "$(TARGET_NAME)";
				SUPPORTED_PLATFORMS = "iphoneos iphonesimulator";
				SUPPORTS_MACCATALYST = NO;
				SUPPORTS_MAC_DESIGNED_FOR_IPHONE_IPAD = NO;
				SUPPORTS_XR_DESIGNED_FOR_IPHONE_IPAD = NO;
				SWIFT_EMIT_LOC_STRINGS = YES;
				SWIFT_VERSION = 5.0;
				TARGETED_DEVICE_FAMILY = 1;
			};
			name = Debug;
		};
		8A9FC5FF2C214E8700BDB452 /* Release */ = {
			isa = XCBuildConfiguration;
			buildSettings = {
				ASSETCATALOG_COMPILER_APPICON_NAME = AppIcon;
				ASSETCATALOG_COMPILER_GLOBAL_ACCENT_COLOR_NAME = AccentColor;
				CODE_SIGN_STYLE = Automatic;
				CURRENT_PROJECT_VERSION = 1;
				DEVELOPMENT_ASSET_PATHS = "\"CloneAppleMusic/Preview Content\"";
				ENABLE_PREVIEWS = YES;
				GENERATE_INFOPLIST_FILE = YES;
				INFOPLIST_KEY_UIApplicationSceneManifest_Generation = YES;
				INFOPLIST_KEY_UIApplicationSupportsIndirectInputEvents = YES;
				INFOPLIST_KEY_UILaunchScreen_Generation = YES;
				INFOPLIST_KEY_UISupportedInterfaceOrientations = UIInterfaceOrientationPortrait;
				INFOPLIST_KEY_UISupportedInterfaceOrientations_iPad = "UIInterfaceOrientationLandscapeLeft UIInterfaceOrientationLandscapeRight UIInterfaceOrientationPortrait UIInterfaceOrientationPortraitUpsideDown";
				LD_RUNPATH_SEARCH_PATHS = (
					"$(inherited)",
					"@executable_path/Frameworks",
				);
				MARKETING_VERSION = 1.0;
				PRODUCT_BUNDLE_IDENTIFIER = com.home.CloneAppleMusic;
				PRODUCT_NAME = "$(TARGET_NAME)";
				SUPPORTED_PLATFORMS = "iphoneos iphonesimulator";
				SUPPORTS_MACCATALYST = NO;
				SUPPORTS_MAC_DESIGNED_FOR_IPHONE_IPAD = NO;
				SUPPORTS_XR_DESIGNED_FOR_IPHONE_IPAD = NO;
				SWIFT_EMIT_LOC_STRINGS = YES;
				SWIFT_VERSION = 5.0;
				TARGETED_DEVICE_FAMILY = 1;
			};
			name = Release;
		};
/* End XCBuildConfiguration section */

/* Begin XCConfigurationList section */
		8A9FC5EA2C214E8500BDB452 /* Build configuration list for PBXProject "CloneAppleMusic" */ = {
			isa = XCConfigurationList;
			buildConfigurations = (
				8A9FC5FB2C214E8700BDB452 /* Debug */,
				8A9FC5FC2C214E8700BDB452 /* Release */,
			);
			defaultConfigurationIsVisible = 0;
			defaultConfigurationName = Release;
		};
		8A9FC5FD2C214E8700BDB452 /* Build configuration list for PBXNativeTarget "CloneAppleMusic" */ = {
			isa = XCConfigurationList;
			buildConfigurations = (
				8A9FC5FE2C214E8700BDB452 /* Debug */,
				8A9FC5FF2C214E8700BDB452 /* Release */,
			);
			defaultConfigurationIsVisible = 0;
			defaultConfigurationName = Release;
		};
/* End XCConfigurationList section */
	};
	rootObject = 8A9FC5E72C214E8500BDB452 /* Project object */;
}
